// !$*UTF8*$!
{
	archiveVersion = 1;
	classes = {
	};
	objectVersion = 77;
	objects = {

/* Begin PBXBuildFile section */
		01F2D240B3CA3DEE50224D43 /* ScanModel.swift in Sources */ = {isa = PBXBuildFile; fileRef = 4C644794E83AC6B1EF2967DF /* ScanModel.swift */; };
		0250A8E6324AE4DC94A32182 /* Assets.xcassets in Resources */ = {isa = PBXBuildFile; fileRef = 9CBC43ECFC65FC5558775200 /* Assets.xcassets */; };
		02EC0A4A5B5A850A7F21CA6C /* AboutView.swift in Sources */ = {isa = PBXBuildFile; fileRef = 96A7E33B825214CFC29CC6B5 /* AboutView.swift */; };
		109FE728A5D2B682E9D014F6 /* FieldDetector.swift in Sources */ = {isa = PBXBuildFile; fileRef = 56E3F3670FB28B85EDC1E37F /* FieldDetector.swift */; };
		11120B719E3E3F366F971936 /* LabelIsolator.swift in Sources */ = {isa = PBXBuildFile; fileRef = 4195B83EE20D12BB8D3C4BD2 /* LabelIsolator.swift */; };
		1905B5025C51FAD5A0DA4343 /* weedlabelApp.swift in Sources */ = {isa = PBXBuildFile; fileRef = A234BCDEEB957DBA226D1EF7 /* weedlabelApp.swift */; };
		2276792800A4056CE22831FD /* P6ValidatorTests.swift in Sources */ = {isa = PBXBuildFile; fileRef = 4F8ADA1051FE622D0466A0D8 /* P6ValidatorTests.swift */; };
		2360737925292DAEB224437A /* ZoomableImageView.swift in Sources */ = {isa = PBXBuildFile; fileRef = CC7DBA2FED8868D693E3BBF3 /* ZoomableImageView.swift */; };
		288B220A9D089C5D1039EE46 /* DataScannerView.swift in Sources */ = {isa = PBXBuildFile; fileRef = 240631CA58BB0C2F38763B93 /* DataScannerView.swift */; };
		2F4C447F91EEB40E68565D1F /* ProductTypeInference.swift in Sources */ = {isa = PBXBuildFile; fileRef = 802A72828911CF48B262245C /* ProductTypeInference.swift */; };
		2FB4B46D19113FA8F911C015 /* StrainOverrideStore.swift in Sources */ = {isa = PBXBuildFile; fileRef = 6E2E3B0F92071D4FC7640A4C /* StrainOverrideStore.swift */; };
		30FB7933E51E18AB7F499320 /* ProductTypeOverrideStoreTests.swift in Sources */ = {isa = PBXBuildFile; fileRef = DDED767113EC4C6265A346A3 /* ProductTypeOverrideStoreTests.swift */; };
		37E80C2CA9520B8DCDCA7485 /* OCRPreprocessor.swift in Sources */ = {isa = PBXBuildFile; fileRef = C1ABE86F4180003809428A8C /* OCRPreprocessor.swift */; };
		39915F48CF1FFA8C4D67EB05 /* StrainKnowledgeBase.swift in Sources */ = {isa = PBXBuildFile; fileRef = 1543B6AC44F3A9D66434A274 /* StrainKnowledgeBase.swift */; };
		39BCAE803B2C2359027379A9 /* Brand.swift in Sources */ = {isa = PBXBuildFile; fileRef = E0AACC7BB1DA221E34688C0E /* Brand.swift */; };
		3B89AFE3640007FB39B74299 /* LogEntryDetailView.swift in Sources */ = {isa = PBXBuildFile; fileRef = 1F14F572A953D32307C55F81 /* LogEntryDetailView.swift */; };
		40BBCFDD4EB4FCADF9D093C9 /* TipJarView.swift in Sources */ = {isa = PBXBuildFile; fileRef = 1F4DE79D3C8B6BA14BAF9D1B /* TipJarView.swift */; };
		427AEA992DB5DA8C92838EAE /* ProductTypeInferenceTests.swift in Sources */ = {isa = PBXBuildFile; fileRef = 41AFA1C72E21FB7293A6B2DD /* ProductTypeInferenceTests.swift */; };
		4647AD2F4648D37B0FA3B78E /* StaticImageOCR.swift in Sources */ = {isa = PBXBuildFile; fileRef = B8D7529EFA0E55694A6D2D38 /* StaticImageOCR.swift */; };
		50C638528C7663A356E1A8E2 /* ProductLinks.swift in Sources */ = {isa = PBXBuildFile; fileRef = 20578EBF5F54B3112658919F /* ProductLinks.swift */; };
		598F7CFF0A45BA978DA77A60 /* validation in Resources */ = {isa = PBXBuildFile; fileRef = 2254C8B63EA407653E87208D /* validation */; };
		65F1C361CC69987B3FC9EDAF /* StrainNameFixer.swift in Sources */ = {isa = PBXBuildFile; fileRef = 3C6F9E8F085BB50271753BB3 /* StrainNameFixer.swift */; };
		6752F2738636EFB7365AF8C9 /* ProductTypeOverrideStore.swift in Sources */ = {isa = PBXBuildFile; fileRef = 10EDF9F131951B71C3B0A9B5 /* ProductTypeOverrideStore.swift */; };
		67A33F65B674FBCEF940D841 /* StrainNameOverrideStoreTests.swift in Sources */ = {isa = PBXBuildFile; fileRef = C50C9142BF0485CF598D3E81 /* StrainNameOverrideStoreTests.swift */; };
		7B6DD1EB2F3E1595698F27DF /* ProductLinksTests.swift in Sources */ = {isa = PBXBuildFile; fileRef = 8FF994512D20FED9C21B78D6 /* ProductLinksTests.swift */; };
		7D0493E8E7CDB9A444EBB898 /* FieldDetectorTests.swift in Sources */ = {isa = PBXBuildFile; fileRef = 12ABA423CC39833F39B87ED2 /* FieldDetectorTests.swift */; };
		7D22C8B5C7D12E8379824BB7 /* LabelSanityCheckerTests.swift in Sources */ = {isa = PBXBuildFile; fileRef = 6C630BD76415B276771B605D /* LabelSanityCheckerTests.swift */; };
		8351B8EC6E0144E2A9F4EB1B /* TipJar.swift in Sources */ = {isa = PBXBuildFile; fileRef = 0646FDDBD24740B9B3608C23 /* TipJar.swift */; };
		84CA595526AAD43C984EE4E7 /* StrainNameOverrideStore.swift in Sources */ = {isa = PBXBuildFile; fileRef = 94D485D6B81B4A73B77BD63C /* StrainNameOverrideStore.swift */; };
		860D65289692E1185199273B /* StrainKnowledgeBaseTests.swift in Sources */ = {isa = PBXBuildFile; fileRef = 7A67F0AADA564CD133E4F413 /* StrainKnowledgeBaseTests.swift */; };
		88FD7F808E5C385119D82AE0 /* CameraPreviewView.swift in Sources */ = {isa = PBXBuildFile; fileRef = 11DF9AAC2E2102A75C0BA94C /* CameraPreviewView.swift */; };
		8D028793F0D3B04023AC5DB6 /* OnboardingView.swift in Sources */ = {isa = PBXBuildFile; fileRef = 303060CD4222C3426F7446A2 /* OnboardingView.swift */; };
		8FE824E10518DE78AF98B649 /* OCRPreprocessorTests.swift in Sources */ = {isa = PBXBuildFile; fileRef = DD5A78E90BF0C10B14291DC4 /* OCRPreprocessorTests.swift */; };
		910B62143DE508BB33BDFFD5 /* ExtractionService.swift in Sources */ = {isa = PBXBuildFile; fileRef = E99D93418105C99800D9CC8F /* ExtractionService.swift */; };
		97F362F5C00BF8B53E560277 /* LabelSanityChecker.swift in Sources */ = {isa = PBXBuildFile; fileRef = 77997B91A2FBD0F059307D74 /* LabelSanityChecker.swift */; };
		9EE63D408E3780CA6D5ED3FF /* SummaryService.swift in Sources */ = {isa = PBXBuildFile; fileRef = D06527F36A2DD990AB0C5E9E /* SummaryService.swift */; };
		9FE4DD4A3C080230DBFE65FE /* CannabisLabel.swift in Sources */ = {isa = PBXBuildFile; fileRef = 92A8490BFE1E92EE8AB20646 /* CannabisLabel.swift */; };
		A5C642906D9A6A773FFAF47A /* LogBookView.swift in Sources */ = {isa = PBXBuildFile; fileRef = 1C5C3AF5102B27F968BCFBD6 /* LogBookView.swift */; };
		AAE0D8CB5BAF2E0EF32A407F /* LabelCamera.swift in Sources */ = {isa = PBXBuildFile; fileRef = 785D435F364415FE5AF629D6 /* LabelCamera.swift */; };
		AE804BD1E7E9974B4E658028 /* StrainOverrideStoreTests.swift in Sources */ = {isa = PBXBuildFile; fileRef = D7F8BA1275C349BDAE3BEAEC /* StrainOverrideStoreTests.swift */; };
		AEB967DB09B65FA9B30CECE3 /* ProductType+Display.swift in Sources */ = {isa = PBXBuildFile; fileRef = C599ED0461A67389D4F940CA /* ProductType+Display.swift */; };
		B409EF9CDDB85623022D79CF /* LogImageStore.swift in Sources */ = {isa = PBXBuildFile; fileRef = 45D117E693DEE8C5DA57FE1B /* LogImageStore.swift */; };
		BB27987899A62FA5A9055814 /* PostScanView.swift in Sources */ = {isa = PBXBuildFile; fileRef = 6931CE4F5C707585B52846C9 /* PostScanView.swift */; };
		CA0A3CFCFCEC0CC1BD4EF368 /* ContentView.swift in Sources */ = {isa = PBXBuildFile; fileRef = 5009B08A5116D6385CA5FBCD /* ContentView.swift */; };
		D1ADEE090AE91343D0657F87 /* TipJarTests.swift in Sources */ = {isa = PBXBuildFile; fileRef = E06044AB8E9FB987FD56F171 /* TipJarTests.swift */; };
		DBF56BE240DB0B3206C43FFF /* PipelineProtocols.swift in Sources */ = {isa = PBXBuildFile; fileRef = 8AF42EFFA2E2075194C619AF /* PipelineProtocols.swift */; };
		DEFB9A95D843368A33260F60 /* AvailabilityGate.swift in Sources */ = {isa = PBXBuildFile; fileRef = FD84D545BEFA6CC6C807F63F /* AvailabilityGate.swift */; };
		E3422BC37E4D4CA4B13BFC0A /* LogStore.swift in Sources */ = {isa = PBXBuildFile; fileRef = 1B1C4222DB0C0DCE9CF6645C /* LogStore.swift */; };
		ECCBCAEC99379DABB86DDAED /* LogStoreTests.swift in Sources */ = {isa = PBXBuildFile; fileRef = DDF5066AE5CB7D703DDB3CAE /* LogStoreTests.swift */; };
		EED37701B1A41554B8EEF995 /* StrainNameFixerTests.swift in Sources */ = {isa = PBXBuildFile; fileRef = 9BB79C18425855B7AB67D0B6 /* StrainNameFixerTests.swift */; };
		FA367F8E468F984BB97ED058 /* ScanModelTests.swift in Sources */ = {isa = PBXBuildFile; fileRef = 0BD5E4DA48E32745BBDAE20E /* ScanModelTests.swift */; };
/* End PBXBuildFile section */

/* Begin PBXContainerItemProxy section */
		A017FE0A3BE9AF3C389904C0 /* PBXContainerItemProxy */ = {
			isa = PBXContainerItemProxy;
			containerPortal = FA3A1CF5F0261ACB0398A675 /* Project object */;
			proxyType = 1;
			remoteGlobalIDString = 1ED4F763E9F1BC608D43D03D;
			remoteInfo = weedlabel;
		};
/* End PBXContainerItemProxy section */

/* Begin PBXFileReference section */
		0646FDDBD24740B9B3608C23 /* TipJar.swift */ = {isa = PBXFileReference; lastKnownFileType = sourcecode.swift; path = TipJar.swift; sourceTree = "<group>"; };
		0BD5E4DA48E32745BBDAE20E /* ScanModelTests.swift */ = {isa = PBXFileReference; lastKnownFileType = sourcecode.swift; path = ScanModelTests.swift; sourceTree = "<group>"; };
		10EDF9F131951B71C3B0A9B5 /* ProductTypeOverrideStore.swift */ = {isa = PBXFileReference; lastKnownFileType = sourcecode.swift; path = ProductTypeOverrideStore.swift; sourceTree = "<group>"; };
		11DF9AAC2E2102A75C0BA94C /* CameraPreviewView.swift */ = {isa = PBXFileReference; lastKnownFileType = sourcecode.swift; path = CameraPreviewView.swift; sourceTree = "<group>"; };
		12ABA423CC39833F39B87ED2 /* FieldDetectorTests.swift */ = {isa = PBXFileReference; lastKnownFileType = sourcecode.swift; path = FieldDetectorTests.swift; sourceTree = "<group>"; };
		1543B6AC44F3A9D66434A274 /* StrainKnowledgeBase.swift */ = {isa = PBXFileReference; lastKnownFileType = sourcecode.swift; path = StrainKnowledgeBase.swift; sourceTree = "<group>"; };
		1B1C4222DB0C0DCE9CF6645C /* LogStore.swift */ = {isa = PBXFileReference; lastKnownFileType = sourcecode.swift; path = LogStore.swift; sourceTree = "<group>"; };
		1C5C3AF5102B27F968BCFBD6 /* LogBookView.swift */ = {isa = PBXFileReference; lastKnownFileType = sourcecode.swift; path = LogBookView.swift; sourceTree = "<group>"; };
		1F14F572A953D32307C55F81 /* LogEntryDetailView.swift */ = {isa = PBXFileReference; lastKnownFileType = sourcecode.swift; path = LogEntryDetailView.swift; sourceTree = "<group>"; };
		1F4DE79D3C8B6BA14BAF9D1B /* TipJarView.swift */ = {isa = PBXFileReference; lastKnownFileType = sourcecode.swift; path = TipJarView.swift; sourceTree = "<group>"; };
		20578EBF5F54B3112658919F /* ProductLinks.swift */ = {isa = PBXFileReference; lastKnownFileType = sourcecode.swift; path = ProductLinks.swift; sourceTree = "<group>"; };
		2254C8B63EA407653E87208D /* validation */ = {isa = PBXFileReference; lastKnownFileType = folder; name = validation; path = assets/validation; sourceTree = SOURCE_ROOT; };
		240631CA58BB0C2F38763B93 /* DataScannerView.swift */ = {isa = PBXFileReference; lastKnownFileType = sourcecode.swift; path = DataScannerView.swift; sourceTree = "<group>"; };
		303060CD4222C3426F7446A2 /* OnboardingView.swift */ = {isa = PBXFileReference; lastKnownFileType = sourcecode.swift; path = OnboardingView.swift; sourceTree = "<group>"; };
		3C6F9E8F085BB50271753BB3 /* StrainNameFixer.swift */ = {isa = PBXFileReference; lastKnownFileType = sourcecode.swift; path = StrainNameFixer.swift; sourceTree = "<group>"; };
		4195B83EE20D12BB8D3C4BD2 /* LabelIsolator.swift */ = {isa = PBXFileReference; lastKnownFileType = sourcecode.swift; path = LabelIsolator.swift; sourceTree = "<group>"; };
		41AFA1C72E21FB7293A6B2DD /* ProductTypeInferenceTests.swift */ = {isa = PBXFileReference; lastKnownFileType = sourcecode.swift; path = ProductTypeInferenceTests.swift; sourceTree = "<group>"; };
		45D117E693DEE8C5DA57FE1B /* LogImageStore.swift */ = {isa = PBXFileReference; lastKnownFileType = sourcecode.swift; path = LogImageStore.swift; sourceTree = "<group>"; };
		4C644794E83AC6B1EF2967DF /* ScanModel.swift */ = {isa = PBXFileReference; lastKnownFileType = sourcecode.swift; path = ScanModel.swift; sourceTree = "<group>"; };
		4F8ADA1051FE622D0466A0D8 /* P6ValidatorTests.swift */ = {isa = PBXFileReference; lastKnownFileType = sourcecode.swift; path = P6ValidatorTests.swift; sourceTree = "<group>"; };
		5009B08A5116D6385CA5FBCD /* ContentView.swift */ = {isa = PBXFileReference; lastKnownFileType = sourcecode.swift; path = ContentView.swift; sourceTree = "<group>"; };
		56E3F3670FB28B85EDC1E37F /* FieldDetector.swift */ = {isa = PBXFileReference; lastKnownFileType = sourcecode.swift; path = FieldDetector.swift; sourceTree = "<group>"; };
		6931CE4F5C707585B52846C9 /* PostScanView.swift */ = {isa = PBXFileReference; lastKnownFileType = sourcecode.swift; path = PostScanView.swift; sourceTree = "<group>"; };
		6C630BD76415B276771B605D /* LabelSanityCheckerTests.swift */ = {isa = PBXFileReference; lastKnownFileType = sourcecode.swift; path = LabelSanityCheckerTests.swift; sourceTree = "<group>"; };
		6E2E3B0F92071D4FC7640A4C /* StrainOverrideStore.swift */ = {isa = PBXFileReference; lastKnownFileType = sourcecode.swift; path = StrainOverrideStore.swift; sourceTree = "<group>"; };
		77997B91A2FBD0F059307D74 /* LabelSanityChecker.swift */ = {isa = PBXFileReference; lastKnownFileType = sourcecode.swift; path = LabelSanityChecker.swift; sourceTree = "<group>"; };
		785D435F364415FE5AF629D6 /* LabelCamera.swift */ = {isa = PBXFileReference; lastKnownFileType = sourcecode.swift; path = LabelCamera.swift; sourceTree = "<group>"; };
		7A0E68E5A62C53EEF4BD1ADA /* weedlabelTests.xctest */ = {isa = PBXFileReference; includeInIndex = 0; lastKnownFileType = wrapper.cfbundle; path = weedlabelTests.xctest; sourceTree = BUILT_PRODUCTS_DIR; };
		7A67F0AADA564CD133E4F413 /* StrainKnowledgeBaseTests.swift */ = {isa = PBXFileReference; lastKnownFileType = sourcecode.swift; path = StrainKnowledgeBaseTests.swift; sourceTree = "<group>"; };
		802A72828911CF48B262245C /* ProductTypeInference.swift */ = {isa = PBXFileReference; lastKnownFileType = sourcecode.swift; path = ProductTypeInference.swift; sourceTree = "<group>"; };
		8AF42EFFA2E2075194C619AF /* PipelineProtocols.swift */ = {isa = PBXFileReference; lastKnownFileType = sourcecode.swift; path = PipelineProtocols.swift; sourceTree = "<group>"; };
		8FF994512D20FED9C21B78D6 /* ProductLinksTests.swift */ = {isa = PBXFileReference; lastKnownFileType = sourcecode.swift; path = ProductLinksTests.swift; sourceTree = "<group>"; };
		92A8490BFE1E92EE8AB20646 /* CannabisLabel.swift */ = {isa = PBXFileReference; lastKnownFileType = sourcecode.swift; path = CannabisLabel.swift; sourceTree = "<group>"; };
		94D485D6B81B4A73B77BD63C /* StrainNameOverrideStore.swift */ = {isa = PBXFileReference; lastKnownFileType = sourcecode.swift; path = StrainNameOverrideStore.swift; sourceTree = "<group>"; };
		96A7E33B825214CFC29CC6B5 /* AboutView.swift */ = {isa = PBXFileReference; lastKnownFileType = sourcecode.swift; path = AboutView.swift; sourceTree = "<group>"; };
		9BB79C18425855B7AB67D0B6 /* StrainNameFixerTests.swift */ = {isa = PBXFileReference; lastKnownFileType = sourcecode.swift; path = StrainNameFixerTests.swift; sourceTree = "<group>"; };
		9CBC43ECFC65FC5558775200 /* Assets.xcassets */ = {isa = PBXFileReference; lastKnownFileType = folder.assetcatalog; path = Assets.xcassets; sourceTree = "<group>"; };
		A234BCDEEB957DBA226D1EF7 /* weedlabelApp.swift */ = {isa = PBXFileReference; lastKnownFileType = sourcecode.swift; path = weedlabelApp.swift; sourceTree = "<group>"; };
		B1F64514D58748BA02013447 /* weedlabel.app */ = {isa = PBXFileReference; includeInIndex = 0; lastKnownFileType = wrapper.application; path = weedlabel.app; sourceTree = BUILT_PRODUCTS_DIR; };
		B8D7529EFA0E55694A6D2D38 /* StaticImageOCR.swift */ = {isa = PBXFileReference; lastKnownFileType = sourcecode.swift; path = StaticImageOCR.swift; sourceTree = "<group>"; };
		C1ABE86F4180003809428A8C /* OCRPreprocessor.swift */ = {isa = PBXFileReference; lastKnownFileType = sourcecode.swift; path = OCRPreprocessor.swift; sourceTree = "<group>"; };
		C50C9142BF0485CF598D3E81 /* StrainNameOverrideStoreTests.swift */ = {isa = PBXFileReference; lastKnownFileType = sourcecode.swift; path = StrainNameOverrideStoreTests.swift; sourceTree = "<group>"; };
		C599ED0461A67389D4F940CA /* ProductType+Display.swift */ = {isa = PBXFileReference; lastKnownFileType = sourcecode.swift; path = "ProductType+Display.swift"; sourceTree = "<group>"; };
		CC7DBA2FED8868D693E3BBF3 /* ZoomableImageView.swift */ = {isa = PBXFileReference; lastKnownFileType = sourcecode.swift; path = ZoomableImageView.swift; sourceTree = "<group>"; };
		D06527F36A2DD990AB0C5E9E /* SummaryService.swift */ = {isa = PBXFileReference; lastKnownFileType = sourcecode.swift; path = SummaryService.swift; sourceTree = "<group>"; };
		D7F8BA1275C349BDAE3BEAEC /* StrainOverrideStoreTests.swift */ = {isa = PBXFileReference; lastKnownFileType = sourcecode.swift; path = StrainOverrideStoreTests.swift; sourceTree = "<group>"; };
		DD5A78E90BF0C10B14291DC4 /* OCRPreprocessorTests.swift */ = {isa = PBXFileReference; lastKnownFileType = sourcecode.swift; path = OCRPreprocessorTests.swift; sourceTree = "<group>"; };
		DDED767113EC4C6265A346A3 /* ProductTypeOverrideStoreTests.swift */ = {isa = PBXFileReference; lastKnownFileType = sourcecode.swift; path = ProductTypeOverrideStoreTests.swift; sourceTree = "<group>"; };
		DDF5066AE5CB7D703DDB3CAE /* LogStoreTests.swift */ = {isa = PBXFileReference; lastKnownFileType = sourcecode.swift; path = LogStoreTests.swift; sourceTree = "<group>"; };
		E06044AB8E9FB987FD56F171 /* TipJarTests.swift */ = {isa = PBXFileReference; lastKnownFileType = sourcecode.swift; path = TipJarTests.swift; sourceTree = "<group>"; };
		E0AACC7BB1DA221E34688C0E /* Brand.swift */ = {isa = PBXFileReference; lastKnownFileType = sourcecode.swift; path = Brand.swift; sourceTree = "<group>"; };
		E99D93418105C99800D9CC8F /* ExtractionService.swift */ = {isa = PBXFileReference; lastKnownFileType = sourcecode.swift; path = ExtractionService.swift; sourceTree = "<group>"; };
		FD84D545BEFA6CC6C807F63F /* AvailabilityGate.swift */ = {isa = PBXFileReference; lastKnownFileType = sourcecode.swift; path = AvailabilityGate.swift; sourceTree = "<group>"; };
/* End PBXFileReference section */

/* Begin PBXGroup section */
		0B109386AAF82E35FE67F2B7 = {
			isa = PBXGroup;
			children = (
				3AFE709968458F5F1143BBF6 /* assets */,
				5F0D85F3604871F1A0E76C24 /* weedlabel */,
				55BDB1E848555387B5942417 /* weedlabelTests */,
				5A27B7E1BEF63224D7230978 /* Products */,
			);
			sourceTree = "<group>";
		};
		15174BCF376026B606C6537D /* Views */ = {
			isa = PBXGroup;
			children = (
				96A7E33B825214CFC29CC6B5 /* AboutView.swift */,
				11DF9AAC2E2102A75C0BA94C /* CameraPreviewView.swift */,
				5009B08A5116D6385CA5FBCD /* ContentView.swift */,
				240631CA58BB0C2F38763B93 /* DataScannerView.swift */,
				785D435F364415FE5AF629D6 /* LabelCamera.swift */,
				1C5C3AF5102B27F968BCFBD6 /* LogBookView.swift */,
				1F14F572A953D32307C55F81 /* LogEntryDetailView.swift */,
				303060CD4222C3426F7446A2 /* OnboardingView.swift */,
				6931CE4F5C707585B52846C9 /* PostScanView.swift */,
				4C644794E83AC6B1EF2967DF /* ScanModel.swift */,
				1F4DE79D3C8B6BA14BAF9D1B /* TipJarView.swift */,
				CC7DBA2FED8868D693E3BBF3 /* ZoomableImageView.swift */,
			);
			path = Views;
			sourceTree = "<group>";
		};
		27C7226D33A9C37E082C535B /* Models */ = {
			isa = PBXGroup;
			children = (
				92A8490BFE1E92EE8AB20646 /* CannabisLabel.swift */,
				77997B91A2FBD0F059307D74 /* LabelSanityChecker.swift */,
				C599ED0461A67389D4F940CA /* ProductType+Display.swift */,
			);
			path = Models;
			sourceTree = "<group>";
		};
		3AFE709968458F5F1143BBF6 /* assets */ = {
			isa = PBXGroup;
			children = (
				2254C8B63EA407653E87208D /* validation */,
			);
			path = assets;
			sourceTree = "<group>";
		};
		55BDB1E848555387B5942417 /* weedlabelTests */ = {
			isa = PBXGroup;
			children = (
				12ABA423CC39833F39B87ED2 /* FieldDetectorTests.swift */,
				6C630BD76415B276771B605D /* LabelSanityCheckerTests.swift */,
				DDF5066AE5CB7D703DDB3CAE /* LogStoreTests.swift */,
				DD5A78E90BF0C10B14291DC4 /* OCRPreprocessorTests.swift */,
				4F8ADA1051FE622D0466A0D8 /* P6ValidatorTests.swift */,
				8FF994512D20FED9C21B78D6 /* ProductLinksTests.swift */,
				41AFA1C72E21FB7293A6B2DD /* ProductTypeInferenceTests.swift */,
				DDED767113EC4C6265A346A3 /* ProductTypeOverrideStoreTests.swift */,
				0BD5E4DA48E32745BBDAE20E /* ScanModelTests.swift */,
				7A67F0AADA564CD133E4F413 /* StrainKnowledgeBaseTests.swift */,
				9BB79C18425855B7AB67D0B6 /* StrainNameFixerTests.swift */,
				C50C9142BF0485CF598D3E81 /* StrainNameOverrideStoreTests.swift */,
				D7F8BA1275C349BDAE3BEAEC /* StrainOverrideStoreTests.swift */,
				E06044AB8E9FB987FD56F171 /* TipJarTests.swift */,
			);
			path = weedlabelTests;
			sourceTree = "<group>";
		};
		5A27B7E1BEF63224D7230978 /* Products */ = {
			isa = PBXGroup;
			children = (
				B1F64514D58748BA02013447 /* weedlabel.app */,
				7A0E68E5A62C53EEF4BD1ADA /* weedlabelTests.xctest */,
			);
			name = Products;
			sourceTree = "<group>";
		};
		5F0D85F3604871F1A0E76C24 /* weedlabel */ = {
			isa = PBXGroup;
			children = (
				9CBC43ECFC65FC5558775200 /* Assets.xcassets */,
				E0AACC7BB1DA221E34688C0E /* Brand.swift */,
				A234BCDEEB957DBA226D1EF7 /* weedlabelApp.swift */,
				27C7226D33A9C37E082C535B /* Models */,
				6AA5E3CAA19CFDD29D8D8480 /* Services */,
				15174BCF376026B606C6537D /* Views */,
			);
			path = weedlabel;
			sourceTree = "<group>";
		};
		6AA5E3CAA19CFDD29D8D8480 /* Services */ = {
			isa = PBXGroup;
			children = (
				FD84D545BEFA6CC6C807F63F /* AvailabilityGate.swift */,
				E99D93418105C99800D9CC8F /* ExtractionService.swift */,
				56E3F3670FB28B85EDC1E37F /* FieldDetector.swift */,
				4195B83EE20D12BB8D3C4BD2 /* LabelIsolator.swift */,
				45D117E693DEE8C5DA57FE1B /* LogImageStore.swift */,
				1B1C4222DB0C0DCE9CF6645C /* LogStore.swift */,
				C1ABE86F4180003809428A8C /* OCRPreprocessor.swift */,
				8AF42EFFA2E2075194C619AF /* PipelineProtocols.swift */,
				20578EBF5F54B3112658919F /* ProductLinks.swift */,
				802A72828911CF48B262245C /* ProductTypeInference.swift */,
				10EDF9F131951B71C3B0A9B5 /* ProductTypeOverrideStore.swift */,
				B8D7529EFA0E55694A6D2D38 /* StaticImageOCR.swift */,
				1543B6AC44F3A9D66434A274 /* StrainKnowledgeBase.swift */,
				3C6F9E8F085BB50271753BB3 /* StrainNameFixer.swift */,
				94D485D6B81B4A73B77BD63C /* StrainNameOverrideStore.swift */,
				6E2E3B0F92071D4FC7640A4C /* StrainOverrideStore.swift */,
				D06527F36A2DD990AB0C5E9E /* SummaryService.swift */,
				0646FDDBD24740B9B3608C23 /* TipJar.swift */,
			);
			path = Services;
			sourceTree = "<group>";
		};
/* End PBXGroup section */

/* Begin PBXNativeTarget section */
		1ED4F763E9F1BC608D43D03D /* weedlabel */ = {
			isa = PBXNativeTarget;
			buildConfigurationList = 7B27FDAE65E5DF88DC5A6171 /* Build configuration list for PBXNativeTarget "weedlabel" */;
			buildPhases = (
				7E0689A0B26DBDBCF3C0B1AD /* Sources */,
				916B1D23023025C1B5F1F11C /* Resources */,
			);
			buildRules = (
			);
			dependencies = (
			);
			name = weedlabel;
			packageProductDependencies = (
			);
			productName = weedlabel;
			productReference = B1F64514D58748BA02013447 /* weedlabel.app */;
			productType = "com.apple.product-type.application";
		};
		EB6182AFEEFEBF5F979FF21D /* weedlabelTests */ = {
			isa = PBXNativeTarget;
			buildConfigurationList = 9712E270A447B690CBD192B6 /* Build configuration list for PBXNativeTarget "weedlabelTests" */;
			buildPhases = (
				9AF25E1D5F9FAC42FB63B36A /* Sources */,
			);
			buildRules = (
			);
			dependencies = (
				674BB22E9244E37B89833A0C /* PBXTargetDependency */,
			);
			name = weedlabelTests;
			packageProductDependencies = (
			);
			productName = weedlabelTests;
			productReference = 7A0E68E5A62C53EEF4BD1ADA /* weedlabelTests.xctest */;
			productType = "com.apple.product-type.bundle.unit-test";
		};
/* End PBXNativeTarget section */

/* Begin PBXProject section */
		FA3A1CF5F0261ACB0398A675 /* Project object */ = {
			isa = PBXProject;
			attributes = {
				BuildIndependentTargetsInParallel = YES;
				LastUpgradeCheck = 1430;
				TargetAttributes = {
					1ED4F763E9F1BC608D43D03D = {
						DevelopmentTeam = 5VPR237YHV;
						ProvisioningStyle = Automatic;
					};
					EB6182AFEEFEBF5F979FF21D = {
						DevelopmentTeam = 5VPR237YHV;
						ProvisioningStyle = Automatic;
					};
				};
			};
			buildConfigurationList = C9C12470D37CEDBFDFC67852 /* Build configuration list for PBXProject "weedlabel" */;
			developmentRegion = en;
			hasScannedForEncodings = 0;
			knownRegions = (
				Base,
				en,
			);
			mainGroup = 0B109386AAF82E35FE67F2B7;
			minimizedProjectReferenceProxies = 1;
			preferredProjectObjectVersion = 77;
			productRefGroup = 5A27B7E1BEF63224D7230978 /* Products */;
			projectDirPath = "";
			projectRoot = "";
			targets = (
				1ED4F763E9F1BC608D43D03D /* weedlabel */,
				EB6182AFEEFEBF5F979FF21D /* weedlabelTests */,
			);
		};
/* End PBXProject section */

/* Begin PBXResourcesBuildPhase section */
		916B1D23023025C1B5F1F11C /* Resources */ = {
			isa = PBXResourcesBuildPhase;
			buildActionMask = 2147483647;
			files = (
				0250A8E6324AE4DC94A32182 /* Assets.xcassets in Resources */,
				598F7CFF0A45BA978DA77A60 /* validation in Resources */,
			);
			runOnlyForDeploymentPostprocessing = 0;
		};
/* End PBXResourcesBuildPhase section */

/* Begin PBXSourcesBuildPhase section */
		7E0689A0B26DBDBCF3C0B1AD /* Sources */ = {
			isa = PBXSourcesBuildPhase;
			buildActionMask = 2147483647;
			files = (
				02EC0A4A5B5A850A7F21CA6C /* AboutView.swift in Sources */,
				DEFB9A95D843368A33260F60 /* AvailabilityGate.swift in Sources */,
				39BCAE803B2C2359027379A9 /* Brand.swift in Sources */,
				88FD7F808E5C385119D82AE0 /* CameraPreviewView.swift in Sources */,
				9FE4DD4A3C080230DBFE65FE /* CannabisLabel.swift in Sources */,
				CA0A3CFCFCEC0CC1BD4EF368 /* ContentView.swift in Sources */,
				288B220A9D089C5D1039EE46 /* DataScannerView.swift in Sources */,
				910B62143DE508BB33BDFFD5 /* ExtractionService.swift in Sources */,
				109FE728A5D2B682E9D014F6 /* FieldDetector.swift in Sources */,
				AAE0D8CB5BAF2E0EF32A407F /* LabelCamera.swift in Sources */,
				11120B719E3E3F366F971936 /* LabelIsolator.swift in Sources */,
				97F362F5C00BF8B53E560277 /* LabelSanityChecker.swift in Sources */,
				A5C642906D9A6A773FFAF47A /* LogBookView.swift in Sources */,
				3B89AFE3640007FB39B74299 /* LogEntryDetailView.swift in Sources */,
				B409EF9CDDB85623022D79CF /* LogImageStore.swift in Sources */,
				E3422BC37E4D4CA4B13BFC0A /* LogStore.swift in Sources */,
				37E80C2CA9520B8DCDCA7485 /* OCRPreprocessor.swift in Sources */,
				8D028793F0D3B04023AC5DB6 /* OnboardingView.swift in Sources */,
				DBF56BE240DB0B3206C43FFF /* PipelineProtocols.swift in Sources */,
				BB27987899A62FA5A9055814 /* PostScanView.swift in Sources */,
				50C638528C7663A356E1A8E2 /* ProductLinks.swift in Sources */,
				AEB967DB09B65FA9B30CECE3 /* ProductType+Display.swift in Sources */,
				2F4C447F91EEB40E68565D1F /* ProductTypeInference.swift in Sources */,
				6752F2738636EFB7365AF8C9 /* ProductTypeOverrideStore.swift in Sources */,
				01F2D240B3CA3DEE50224D43 /* ScanModel.swift in Sources */,
				4647AD2F4648D37B0FA3B78E /* StaticImageOCR.swift in Sources */,
				39915F48CF1FFA8C4D67EB05 /* StrainKnowledgeBase.swift in Sources */,
				65F1C361CC69987B3FC9EDAF /* StrainNameFixer.swift in Sources */,
				84CA595526AAD43C984EE4E7 /* StrainNameOverrideStore.swift in Sources */,
				2FB4B46D19113FA8F911C015 /* StrainOverrideStore.swift in Sources */,
				9EE63D408E3780CA6D5ED3FF /* SummaryService.swift in Sources */,
				8351B8EC6E0144E2A9F4EB1B /* TipJar.swift in Sources */,
				40BBCFDD4EB4FCADF9D093C9 /* TipJarView.swift in Sources */,
				2360737925292DAEB224437A /* ZoomableImageView.swift in Sources */,
				1905B5025C51FAD5A0DA4343 /* weedlabelApp.swift in Sources */,
			);
			runOnlyForDeploymentPostprocessing = 0;
		};
		9AF25E1D5F9FAC42FB63B36A /* Sources */ = {
			isa = PBXSourcesBuildPhase;
			buildActionMask = 2147483647;
			files = (
				7D0493E8E7CDB9A444EBB898 /* FieldDetectorTests.swift in Sources */,
				7D22C8B5C7D12E8379824BB7 /* LabelSanityCheckerTests.swift in Sources */,
				ECCBCAEC99379DABB86DDAED /* LogStoreTests.swift in Sources */,
				8FE824E10518DE78AF98B649 /* OCRPreprocessorTests.swift in Sources */,
				2276792800A4056CE22831FD /* P6ValidatorTests.swift in Sources */,
				7B6DD1EB2F3E1595698F27DF /* ProductLinksTests.swift in Sources */,
				427AEA992DB5DA8C92838EAE /* ProductTypeInferenceTests.swift in Sources */,
				30FB7933E51E18AB7F499320 /* ProductTypeOverrideStoreTests.swift in Sources */,
				FA367F8E468F984BB97ED058 /* ScanModelTests.swift in Sources */,
				860D65289692E1185199273B /* StrainKnowledgeBaseTests.swift in Sources */,
				EED37701B1A41554B8EEF995 /* StrainNameFixerTests.swift in Sources */,
				67A33F65B674FBCEF940D841 /* StrainNameOverrideStoreTests.swift in Sources */,
				AE804BD1E7E9974B4E658028 /* StrainOverrideStoreTests.swift in Sources */,
				D1ADEE090AE91343D0657F87 /* TipJarTests.swift in Sources */,
			);
			runOnlyForDeploymentPostprocessing = 0;
		};
/* End PBXSourcesBuildPhase section */

/* Begin PBXTargetDependency section */
		674BB22E9244E37B89833A0C /* PBXTargetDependency */ = {
			isa = PBXTargetDependency;
			target = 1ED4F763E9F1BC608D43D03D /* weedlabel */;
			targetProxy = A017FE0A3BE9AF3C389904C0 /* PBXContainerItemProxy */;
		};
/* End PBXTargetDependency section */

/* Begin XCBuildConfiguration section */
		177D05926A40E8C18C54BBF3 /* Debug */ = {
			isa = XCBuildConfiguration;
			buildSettings = {
				ASSETCATALOG_COMPILER_APPICON_NAME = AppIcon;
				CODE_SIGN_IDENTITY = "iPhone Developer";
				IPHONEOS_DEPLOYMENT_TARGET = 26.0;
				LD_RUNPATH_SEARCH_PATHS = (
					"$(inherited)",
					"@executable_path/Frameworks",
				);
				PRODUCT_BUNDLE_IDENTIFIER = com.demarconet.weedlabel;
				SDKROOT = iphoneos;
				SUPPORTS_MACCATALYST = NO;
				SUPPORTS_MAC_DESIGNED_FOR_IPHONE_IPAD = NO;
				TARGETED_DEVICE_FAMILY = 1;
			};
			name = Debug;
		};
		5BB6515D1715F2EB946E9AB8 /* Release */ = {
			isa = XCBuildConfiguration;
			buildSettings = {
				ALWAYS_SEARCH_USER_PATHS = NO;
				CLANG_ANALYZER_NONNULL = YES;
				CLANG_ANALYZER_NUMBER_OBJECT_CONVERSION = YES_AGGRESSIVE;
				CLANG_CXX_LANGUAGE_STANDARD = "gnu++14";
				CLANG_CXX_LIBRARY = "libc++";
				CLANG_ENABLE_MODULES = YES;
				CLANG_ENABLE_OBJC_ARC = YES;
				CLANG_ENABLE_OBJC_WEAK = YES;
				CLANG_WARN_BLOCK_CAPTURE_AUTORELEASING = YES;
				CLANG_WARN_BOOL_CONVERSION = YES;
				CLANG_WARN_COMMA = YES;
				CLANG_WARN_CONSTANT_CONVERSION = YES;
				CLANG_WARN_DEPRECATED_OBJC_IMPLEMENTATIONS = YES;
				CLANG_WARN_DIRECT_OBJC_ISA_USAGE = YES_ERROR;
				CLANG_WARN_DOCUMENTATION_COMMENTS = YES;
				CLANG_WARN_EMPTY_BODY = YES;
				CLANG_WARN_ENUM_CONVERSION = YES;
				CLANG_WARN_INFINITE_RECURSION = YES;
				CLANG_WARN_INT_CONVERSION = YES;
				CLANG_WARN_NON_LITERAL_NULL_CONVERSION = YES;
				CLANG_WARN_OBJC_IMPLICIT_RETAIN_SELF = YES;
				CLANG_WARN_OBJC_LITERAL_CONVERSION = YES;
				CLANG_WARN_OBJC_ROOT_CLASS = YES_ERROR;
				CLANG_WARN_QUOTED_INCLUDE_IN_FRAMEWORK_HEADER = YES;
				CLANG_WARN_RANGE_LOOP_ANALYSIS = YES;
				CLANG_WARN_STRICT_PROTOTYPES = YES;
				CLANG_WARN_SUSPICIOUS_MOVE = YES;
				CLANG_WARN_UNGUARDED_AVAILABILITY = YES_AGGRESSIVE;
				CLANG_WARN_UNREACHABLE_CODE = YES;
				CLANG_WARN__DUPLICATE_METHOD_MATCH = YES;
				CODE_SIGN_STYLE = Automatic;
				COPY_PHASE_STRIP = NO;
				DEBUG_INFORMATION_FORMAT = "dwarf-with-dsym";
				DEVELOPMENT_TEAM = 5VPR237YHV;
				ENABLE_NS_ASSERTIONS = NO;
				ENABLE_STRICT_OBJC_MSGSEND = YES;
				ENABLE_USER_SCRIPT_SANDBOXING = YES;
				GCC_C_LANGUAGE_STANDARD = gnu11;
				GCC_NO_COMMON_BLOCKS = YES;
				GCC_WARN_64_TO_32_BIT_CONVERSION = YES;
				GCC_WARN_ABOUT_RETURN_TYPE = YES_ERROR;
				GCC_WARN_UNDECLARED_SELECTOR = YES;
				GCC_WARN_UNINITIALIZED_AUTOS = YES_AGGRESSIVE;
				GCC_WARN_UNUSED_FUNCTION = YES;
				GCC_WARN_UNUSED_VARIABLE = YES;
				GENERATE_INFOPLIST_FILE = YES;
				INFOPLIST_KEY_CFBundleDisplayName = HighNotes;
				INFOPLIST_KEY_NSCameraUsageDescription = "HighNotes uses your camera to read cannabis labels. Everything stays on your phone — nothing is uploaded.";
				INFOPLIST_KEY_UIApplicationSceneManifest_Generation = YES;
				INFOPLIST_KEY_UILaunchScreen_Generation = YES;
				INFOPLIST_KEY_UISupportedInterfaceOrientations = UIInterfaceOrientationPortrait;
				IPHONEOS_DEPLOYMENT_TARGET = 26.0;
				MTL_ENABLE_DEBUG_INFO = NO;
				MTL_FAST_MATH = YES;
				PRODUCT_NAME = "$(TARGET_NAME)";
				SDKROOT = iphoneos;
				SWIFT_COMPILATION_MODE = wholemodule;
				SWIFT_OPTIMIZATION_LEVEL = "-O";
				SWIFT_VERSION = 6.0;
			};
			name = Release;
		};
		68021E05926FC3DF19D78753 /* Debug */ = {
			isa = XCBuildConfiguration;
			buildSettings = {
				ALWAYS_SEARCH_USER_PATHS = NO;
				CLANG_ANALYZER_NONNULL = YES;
				CLANG_ANALYZER_NUMBER_OBJECT_CONVERSION = YES_AGGRESSIVE;
				CLANG_CXX_LANGUAGE_STANDARD = "gnu++14";
				CLANG_CXX_LIBRARY = "libc++";
				CLANG_ENABLE_MODULES = YES;
				CLANG_ENABLE_OBJC_ARC = YES;
				CLANG_ENABLE_OBJC_WEAK = YES;
				CLANG_WARN_BLOCK_CAPTURE_AUTORELEASING = YES;
				CLANG_WARN_BOOL_CONVERSION = YES;
				CLANG_WARN_COMMA = YES;
				CLANG_WARN_CONSTANT_CONVERSION = YES;
				CLANG_WARN_DEPRECATED_OBJC_IMPLEMENTATIONS = YES;
				CLANG_WARN_DIRECT_OBJC_ISA_USAGE = YES_ERROR;
				CLANG_WARN_DOCUMENTATION_COMMENTS = YES;
				CLANG_WARN_EMPTY_BODY = YES;
				CLANG_WARN_ENUM_CONVERSION = YES;
				CLANG_WARN_INFINITE_RECURSION = YES;
				CLANG_WARN_INT_CONVERSION = YES;
				CLANG_WARN_NON_LITERAL_NULL_CONVERSION = YES;
				CLANG_WARN_OBJC_IMPLICIT_RETAIN_SELF = YES;
				CLANG_WARN_OBJC_LITERAL_CONVERSION = YES;
				CLANG_WARN_OBJC_ROOT_CLASS = YES_ERROR;
				CLANG_WARN_QUOTED_INCLUDE_IN_FRAMEWORK_HEADER = YES;
				CLANG_WARN_RANGE_LOOP_ANALYSIS = YES;
				CLANG_WARN_STRICT_PROTOTYPES = YES;
				CLANG_WARN_SUSPICIOUS_MOVE = YES;
				CLANG_WARN_UNGUARDED_AVAILABILITY = YES_AGGRESSIVE;
				CLANG_WARN_UNREACHABLE_CODE = YES;
				CLANG_WARN__DUPLICATE_METHOD_MATCH = YES;
				CODE_SIGN_STYLE = Automatic;
				COPY_PHASE_STRIP = NO;
				DEBUG_INFORMATION_FORMAT = dwarf;
				DEVELOPMENT_TEAM = 5VPR237YHV;
				ENABLE_STRICT_OBJC_MSGSEND = YES;
				ENABLE_TESTABILITY = YES;
				ENABLE_USER_SCRIPT_SANDBOXING = YES;
				GCC_C_LANGUAGE_STANDARD = gnu11;
				GCC_DYNAMIC_NO_PIC = NO;
				GCC_NO_COMMON_BLOCKS = YES;
				GCC_OPTIMIZATION_LEVEL = 0;
				GCC_PREPROCESSOR_DEFINITIONS = (
					"$(inherited)",
					"DEBUG=1",
				);
				GCC_WARN_64_TO_32_BIT_CONVERSION = YES;
				GCC_WARN_ABOUT_RETURN_TYPE = YES_ERROR;
				GCC_WARN_UNDECLARED_SELECTOR = YES;
				GCC_WARN_UNINITIALIZED_AUTOS = YES_AGGRESSIVE;
				GCC_WARN_UNUSED_FUNCTION = YES;
				GCC_WARN_UNUSED_VARIABLE = YES;
				GENERATE_INFOPLIST_FILE = YES;
				INFOPLIST_KEY_CFBundleDisplayName = HighNotes;
				INFOPLIST_KEY_NSCameraUsageDescription = "HighNotes uses your camera to read cannabis labels. Everything stays on your phone — nothing is uploaded.";
				INFOPLIST_KEY_UIApplicationSceneManifest_Generation = YES;
				INFOPLIST_KEY_UILaunchScreen_Generation = YES;
				INFOPLIST_KEY_UISupportedInterfaceOrientations = UIInterfaceOrientationPortrait;
				IPHONEOS_DEPLOYMENT_TARGET = 26.0;
				MTL_ENABLE_DEBUG_INFO = INCLUDE_SOURCE;
				MTL_FAST_MATH = YES;
				ONLY_ACTIVE_ARCH = YES;
				PRODUCT_NAME = "$(TARGET_NAME)";
				SDKROOT = iphoneos;
				SWIFT_ACTIVE_COMPILATION_CONDITIONS = DEBUG;
				SWIFT_OPTIMIZATION_LEVEL = "-Onone";
				SWIFT_VERSION = 6.0;
			};
			name = Debug;
		};
		852D1DEFA24BF004F0AAA171 /* Debug */ = {
			isa = XCBuildConfiguration;
			buildSettings = {
				BUNDLE_LOADER = "$(TEST_HOST)";
				IPHONEOS_DEPLOYMENT_TARGET = 26.0;
				LD_RUNPATH_SEARCH_PATHS = (
					"$(inherited)",
					"@executable_path/Frameworks",
					"@loader_path/Frameworks",
				);
				PRODUCT_BUNDLE_IDENTIFIER = com.demarconet.weedlabelTests;
				SDKROOT = iphoneos;
				TARGETED_DEVICE_FAMILY = "1,2";
				TEST_HOST = "$(BUILT_PRODUCTS_DIR)/weedlabel.app/$(BUNDLE_EXECUTABLE_FOLDER_PATH)/weedlabel";
			};
			name = Debug;
		};
		9E6C0E4CEAD91E4DA6D64B83 /* Release */ = {
			isa = XCBuildConfiguration;
			buildSettings = {
				BUNDLE_LOADER = "$(TEST_HOST)";
				IPHONEOS_DEPLOYMENT_TARGET = 26.0;
				LD_RUNPATH_SEARCH_PATHS = (
					"$(inherited)",
					"@executable_path/Frameworks",
					"@loader_path/Frameworks",
				);
				PRODUCT_BUNDLE_IDENTIFIER = com.demarconet.weedlabelTests;
				SDKROOT = iphoneos;
				TARGETED_DEVICE_FAMILY = "1,2";
				TEST_HOST = "$(BUILT_PRODUCTS_DIR)/weedlabel.app/$(BUNDLE_EXECUTABLE_FOLDER_PATH)/weedlabel";
			};
			name = Release;
		};
		AAEF27E45FDE14F3BEDE4988 /* Release */ = {
			isa = XCBuildConfiguration;
			buildSettings = {
				ASSETCATALOG_COMPILER_APPICON_NAME = AppIcon;
				CODE_SIGN_IDENTITY = "iPhone Developer";
				IPHONEOS_DEPLOYMENT_TARGET = 26.0;
				LD_RUNPATH_SEARCH_PATHS = (
					"$(inherited)",
					"@executable_path/Frameworks",
				);
				PRODUCT_BUNDLE_IDENTIFIER = com.demarconet.weedlabel;
				SDKROOT = iphoneos;
				SUPPORTS_MACCATALYST = NO;
				SUPPORTS_MAC_DESIGNED_FOR_IPHONE_IPAD = NO;
				TARGETED_DEVICE_FAMILY = 1;
			};
			name = Release;
		};
/* End XCBuildConfiguration section */

/* Begin XCConfigurationList section */
		7B27FDAE65E5DF88DC5A6171 /* Build configuration list for PBXNativeTarget "weedlabel" */ = {
			isa = XCConfigurationList;
			buildConfigurations = (
				177D05926A40E8C18C54BBF3 /* Debug */,
				AAEF27E45FDE14F3BEDE4988 /* Release */,
			);
			defaultConfigurationIsVisible = 0;
			defaultConfigurationName = Debug;
		};
		9712E270A447B690CBD192B6 /* Build configuration list for PBXNativeTarget "weedlabelTests" */ = {
			isa = XCConfigurationList;
			buildConfigurations = (
				852D1DEFA24BF004F0AAA171 /* Debug */,
				9E6C0E4CEAD91E4DA6D64B83 /* Release */,
			);
			defaultConfigurationIsVisible = 0;
			defaultConfigurationName = Debug;
		};
		C9C12470D37CEDBFDFC67852 /* Build configuration list for PBXProject "weedlabel" */ = {
			isa = XCConfigurationList;
			buildConfigurations = (
				68021E05926FC3DF19D78753 /* Debug */,
				5BB6515D1715F2EB946E9AB8 /* Release */,
			);
			defaultConfigurationIsVisible = 0;
			defaultConfigurationName = Debug;
		};
/* End XCConfigurationList section */
	};
	rootObject = FA3A1CF5F0261ACB0398A675 /* Project object */;
}
